
Microsoft Visual Studio Solution File, Format Version 12.00
# Visual Studio Version 17
VisualStudioVersion = 17.0.32014.148
MinimumVisualStudioVersion = 10.0.40219.1
Project("{9A19103F-16F7-4668-BE54-9A1E7A4F7556}") = "RedAndWhite.UI", "RedAndWhite\RedAndWhite.UI.csproj", "{0F88D390-F69D-4421-BE1D-DD77BB3CE417}"
EndProject
Project("{9A19103F-16F7-4668-BE54-9A1E7A4F7556}") = "RedAndWhite.Model", "RedAndWhite.Model\RedAndWhite.Model.csproj", "{2340D0F8-88A6-4A5A-86AE-2A525E7CEA8E}"
EndProject
Project("{9A19103F-16F7-4668-BE54-9A1E7A4F7556}") = "RedAndWhite.Domain", "RedAndWhite.Domain\RedAndWhite.Domain.csproj", "{A915E232-3B41-4AA4-B54F-C15380570074}"
EndProject
Project("{9A19103F-16F7-4668-BE54-9A1E7A4F7556}") = "RedAndWhite.Repository", "RedAndWhite.Repository\RedAndWhite.Repository.csproj", "{3A93DFD7-5EBD-4F57-8BFD-B559AC858E5A}"
EndProject
Project("{9A19103F-16F7-4668-BE54-9A1E7A4F7556}") = "RedAndWhite.Service", "RedAndWhite.Service\RedAndWhite.Service.csproj", "{4F7F9806-3560-41DA-A018-DB371E5F20F2}"
EndProject
Project("{9A19103F-16F7-4668-BE54-9A1E7A4F7556}") = "RedAndWhite.Data", "RedAndWhite.Data\RedAndWhite.Data.csproj", "{39683FEA-C71B-4897-AB5D-7084CF5CB464}"
EndProject
Project("{9A19103F-16F7-4668-BE54-9A1E7A4F7556}") = "RedAndWhite.Infrastructure", "RedAndWhite.Infrastructure\RedAndWhite.Infrastructure.csproj", "{0DE9FB00-CB19-4221-AB67-679D5BAB8DB6}"
EndProject
Global
	GlobalSection(SolutionConfigurationPlatforms) = preSolution
		Debug|Any CPU = Debug|Any CPU
		Release|Any CPU = Release|Any CPU
	EndGlobalSection
	GlobalSection(ProjectConfigurationPlatforms) = postSolution
		{0F88D390-F69D-4421-BE1D-DD77BB3CE417}.Debug|Any CPU.ActiveCfg = Debug|Any CPU
		{0F88D390-F69D-4421-BE1D-DD77BB3CE417}.Debug|Any CPU.Build.0 = Debug|Any CPU
		{0F88D390-F69D-4421-BE1D-DD77BB3CE417}.Release|Any CPU.ActiveCfg = Release|Any CPU
		{0F88D390-F69D-4421-BE1D-DD77BB3CE417}.Release|Any CPU.Build.0 = Release|Any CPU
		{2340D0F8-88A6-4A5A-86AE-2A525E7CEA8E}.Debug|Any CPU.ActiveCfg = Debug|Any CPU
		{2340D0F8-88A6-4A5A-86AE-2A525E7CEA8E}.Debug|Any CPU.Build.0 = Debug|Any CPU
		{2340D0F8-88A6-4A5A-86AE-2A525E7CEA8E}.Release|Any CPU.ActiveCfg = Release|Any CPU
		{2340D0F8-88A6-4A5A-86AE-2A525E7CEA8E}.Release|Any CPU.Build.0 = Release|Any CPU
		{A915E232-3B41-4AA4-B54F-C15380570074}.Debug|Any CPU.ActiveCfg = Debug|Any CPU
		{A915E232-3B41-4AA4-B54F-C15380570074}.Debug|Any CPU.Build.0 = Debug|Any CPU
		{A915E232-3B41-4AA4-B54F-C15380570074}.Release|Any CPU.ActiveCfg = Release|Any CPU
		{A915E232-3B41-4AA4-B54F-C15380570074}.Release|Any CPU.Build.0 = Release|Any CPU
		{3A93DFD7-5EBD-4F57-8BFD-B559AC858E5A}.Debug|Any CPU.ActiveCfg = Debug|Any CPU
		{3A93DFD7-5EBD-4F57-8BFD-B559AC858E5A}.Debug|Any CPU.Build.0 = Debug|Any CPU
		{3A93DFD7-5EBD-4F57-8BFD-B559AC858E5A}.Release|Any CPU.ActiveCfg = Release|Any CPU
		{3A93DFD7-5EBD-4F57-8BFD-B559AC858E5A}.Release|Any CPU.Build.0 = Release|Any CPU
		{4F7F9806-3560-41DA-A018-DB371E5F20F2}.Debug|Any CPU.ActiveCfg = Debug|Any CPU
		{4F7F9806-3560-41DA-A018-DB371E5F20F2}.Debug|Any CPU.Build.0 = Debug|Any CPU
		{4F7F9806-3560-41DA-A018-DB371E5F20F2}.Release|Any CPU.ActiveCfg = Release|Any CPU
		{4F7F9806-3560-41DA-A018-DB371E5F20F2}.Release|Any CPU.Build.0 = Release|Any CPU
		{39683FEA-C71B-4897-AB5D-7084CF5CB464}.Debug|Any CPU.ActiveCfg = Debug|Any CPU
		{39683FEA-C71B-4897-AB5D-7084CF5CB464}.Debug|Any CPU.Build.0 = Debug|Any CPU
		{39683FEA-C71B-4897-AB5D-7084CF5CB464}.Release|Any CPU.ActiveCfg = Release|Any CPU
		{39683FEA-C71B-4897-AB5D-7084CF5CB464}.Release|Any CPU.Build.0 = Release|Any CPU
		{0DE9FB00-CB19-4221-AB67-679D5BAB8DB6}.Debug|Any CPU.ActiveCfg = Debug|Any CPU
		{0DE9FB00-CB19-4221-AB67-679D5BAB8DB6}.Debug|Any CPU.Build.0 = Debug|Any CPU
		{0DE9FB00-CB19-4221-AB67-679D5BAB8DB6}.Release|Any CPU.ActiveCfg = Release|Any CPU
		{0DE9FB00-CB19-4221-AB67-679D5BAB8DB6}.Release|Any CPU.Build.0 = Release|Any CPU
	EndGlobalSection
	GlobalSection(SolutionProperties) = preSolution
		HideSolutionNode = FALSE
	EndGlobalSection
	GlobalSection(ExtensibilityGlobals) = postSolution
		SolutionGuid = {F8B726CA-A6CD-4B4A-8CA3-5C4FC88E7171}
	EndGlobalSection
EndGlobal
